// !$*UTF8*$!
{
	archiveVersion = 1;
	classes = {
	};
	objectVersion = 77;
	objects = {

/* Begin PBXBuildFile section */
		A00000110000000000000001 /* TchopApp.swift in Sources */ = {isa = PBXBuildFile; fileRef = A00000210000000000000001 /* TchopApp.swift */; };
		A00000120000000000000001 /* Models/AppTab.swift in Sources */ = {isa = PBXBuildFile; fileRef = A00000220000000000000001 /* Models/AppTab.swift */; };
		A00000130000000000000001 /* AppShellView.swift in Sources */ = {isa = PBXBuildFile; fileRef = A00000230000000000000001 /* AppShellView.swift */; };
		A00000140000000000000001 /* TopBarView.swift in Sources */ = {isa = PBXBuildFile; fileRef = A00000240000000000000001 /* TopBarView.swift */; };
		A00000150000000000000001 /* BrandMarkView.swift in Sources */ = {isa = PBXBuildFile; fileRef = A00000250000000000000001 /* BrandMarkView.swift */; };
		A00000160000000000000001 /* BottomTabBar.swift in Sources */ = {isa = PBXBuildFile; fileRef = A00000260000000000000001 /* BottomTabBar.swift */; };
		A00000170000000000000001 /* FloatingActionButton.swift in Sources */ = {isa = PBXBuildFile; fileRef = A00000270000000000000001 /* FloatingActionButton.swift */; };
		A00000180000000000000001 /* SideMenuView.swift in Sources */ = {isa = PBXBuildFile; fileRef = A00000280000000000000001 /* SideMenuView.swift */; };
		A00000190000000000000001 /* NewsFeedView.swift in Sources */ = {isa = PBXBuildFile; fileRef = A00000290000000000000001 /* NewsFeedView.swift */; };
		A000001A0000000000000001 /* FeaturedArticleCard.swift in Sources */ = {isa = PBXBuildFile; fileRef = A000002A0000000000000001 /* FeaturedArticleCard.swift */; };
		A000001B0000000000000001 /* DiscussionCard.swift in Sources */ = {isa = PBXBuildFile; fileRef = A000002B0000000000000001 /* DiscussionCard.swift */; };
		A000001C0000000000000001 /* TabStubView.swift in Sources */ = {isa = PBXBuildFile; fileRef = A000002C0000000000000001 /* TabStubView.swift */; };
		A000001D0000000000000001 /* Assets.xcassets in Resources */ = {isa = PBXBuildFile; fileRef = A000002E0000000000000001 /* Assets.xcassets */; };
		A00000350000000000000001 /* ShellContentView.swift in Sources */ = {isa = PBXBuildFile; fileRef = A00000360000000000000001 /* ShellContentView.swift */; };
		A00000370000000000000001 /* TabContentView.swift in Sources */ = {isa = PBXBuildFile; fileRef = A00000380000000000000001 /* TabContentView.swift */; };
		A00000390000000000000001 /* ArticleActionView.swift in Sources */ = {isa = PBXBuildFile; fileRef = A000003A0000000000000001 /* ArticleActionView.swift */; };
		A000003B0000000000000001 /* Models/ChannelHeaderInfo.swift in Sources */ = {isa = PBXBuildFile; fileRef = A000003C0000000000000001 /* Models/ChannelHeaderInfo.swift */; };
		A000003D0000000000000001 /* Models/NewsFeedModels.swift in Sources */ = {isa = PBXBuildFile; fileRef = A000003E0000000000000001 /* Models/NewsFeedModels.swift */; };
		A000003F0000000000000001 /* ViewModels/AppShellViewModel.swift in Sources */ = {isa = PBXBuildFile; fileRef = A00000400000000000000001 /* ViewModels/AppShellViewModel.swift */; };
		A00000410000000000000001 /* ViewModels/NewsFeedViewModel.swift in Sources */ = {isa = PBXBuildFile; fileRef = A00000420000000000000001 /* ViewModels/NewsFeedViewModel.swift */; };
		A00000430000000000000001 /* Persistence/AppDatabase.swift in Sources */ = {isa = PBXBuildFile; fileRef = A00000440000000000000001 /* Persistence/AppDatabase.swift */; };
		A00000450000000000000001 /* Persistence/AppContentRecord.swift in Sources */ = {isa = PBXBuildFile; fileRef = A00000460000000000000001 /* Persistence/AppContentRecord.swift */; };
		A00000470000000000000001 /* Persistence/AppDataSeeder.swift in Sources */ = {isa = PBXBuildFile; fileRef = A00000480000000000000001 /* Persistence/AppDataSeeder.swift */; };
		A00000490000000000000001 /* Repositories/AppContentRepository.swift in Sources */ = {isa = PBXBuildFile; fileRef = A000004A0000000000000001 /* Repositories/AppContentRepository.swift */; };
		A000004D0000000000000001 /* Navigation/TabRoutes.swift in Sources */ = {isa = PBXBuildFile; fileRef = A000004E0000000000000001 /* Navigation/TabRoutes.swift */; };
		A000004F0000000000000001 /* Navigation/AppCoordinator.swift in Sources */ = {isa = PBXBuildFile; fileRef = A00000500000000000000001 /* Navigation/AppCoordinator.swift */; };
		A00000A00000000000000001 /* Navigation/NavigationSnapshot.swift in Sources */ = {isa = PBXBuildFile; fileRef = A00000A10000000000000001 /* NavigationSnapshot.swift */; };
		A00000A40000000000000001 /* Navigation/DeepLinkManager.swift in Sources */ = {isa = PBXBuildFile; fileRef = A00000A50000000000000001 /* DeepLinkManager.swift */; };
		A00000A70000000000000001 /* Navigation/DeepLinkManaging.swift in Sources */ = {isa = PBXBuildFile; fileRef = A00000A60000000000000001 /* DeepLinkManaging.swift */; };
		A00000510000000000000001 /* Views/Tabs/NewsTabRootView.swift in Sources */ = {isa = PBXBuildFile; fileRef = A00000520000000000000001 /* Views/Tabs/NewsTabRootView.swift */; };
		A00000530000000000000001 /* Views/Tabs/NewsDestinationView.swift in Sources */ = {isa = PBXBuildFile; fileRef = A00000540000000000000001 /* Views/Tabs/NewsDestinationView.swift */; };
		A00000550000000000000001 /* Views/Tabs/StubTabNavigationRootView.swift in Sources */ = {isa = PBXBuildFile; fileRef = A00000560000000000000001 /* Views/Tabs/StubTabNavigationRootView.swift */; };
		A00000570000000000000001 /* Views/Tabs/StubTabDetailView.swift in Sources */ = {isa = PBXBuildFile; fileRef = A00000580000000000000001 /* Views/Tabs/StubTabDetailView.swift */; };
		A00000590000000000000001 /* Models/AppUser.swift in Sources */ = {isa = PBXBuildFile; fileRef = A000005A0000000000000001 /* AppUser.swift */; };
		A000005B0000000000000001 /* Services/UserSessionService.swift in Sources */ = {isa = PBXBuildFile; fileRef = A000005C0000000000000001 /* UserSessionService.swift */; };
		A000005D0000000000000001 /* Repositories/UserRepository.swift in Sources */ = {isa = PBXBuildFile; fileRef = A000005E0000000000000001 /* UserRepository.swift */; };
		A00000610000000000000001 /* App/AppState.swift in Sources */ = {isa = PBXBuildFile; fileRef = A00000620000000000000001 /* AppState.swift */; };
		A00000630000000000000001 /* ViewModels/LoginViewModel.swift in Sources */ = {isa = PBXBuildFile; fileRef = A00000640000000000000001 /* LoginViewModel.swift */; };
		A00000650000000000000001 /* Views/AppRootView.swift in Sources */ = {isa = PBXBuildFile; fileRef = A00000660000000000000001 /* AppRootView.swift */; };
		A00000670000000000000001 /* Views/Auth/LoginScreenView.swift in Sources */ = {isa = PBXBuildFile; fileRef = A00000680000000000000001 /* LoginScreenView.swift */; };
		A00000690000000000000001 /* Views/Tabs/ProfileTabRootView.swift in Sources */ = {isa = PBXBuildFile; fileRef = A000006A0000000000000001 /* ProfileTabRootView.swift */; };
		A000006B0000000000000001 /* Services/FeedAPIManager.swift in Sources */ = {isa = PBXBuildFile; fileRef = A000006C0000000000000001 /* FeedAPIManager.swift */; };
		A00000730000000000000001 /* App/AppDIContainer.swift in Sources */ = {isa = PBXBuildFile; fileRef = A00000740000000000000001 /* AppDIContainer.swift */; };
		A000009C0000000000000001 /* App/AppTheme.swift in Sources */ = {isa = PBXBuildFile; fileRef = A000009D0000000000000001 /* AppTheme.swift */; };
		A00000750000000000000001 /* TchopNetworking in Frameworks */ = {isa = PBXBuildFile; productRef = A00000760000000000000001 /* TchopNetworking */; };
		A00000770000000000000001 /* TchopDatabase in Frameworks */ = {isa = PBXBuildFile; productRef = A00000780000000000000001 /* TchopDatabase */; };
		A00000B20000000000000001 /* TchopLocalization in Frameworks */ = {isa = PBXBuildFile; productRef = A00000B30000000000000001 /* TchopLocalization */; };
		A00000B00000000000000001 /* App/AppLocalization.swift in Sources */ = {isa = PBXBuildFile; fileRef = A00000B10000000000000001 /* AppLocalization.swift */; };
		B00000030000000000000001 /* App/AppBranding.swift in Sources */ = {isa = PBXBuildFile; fileRef = B00000020000000000000001 /* AppBranding.swift */; };
		B00000040000000000000001 /* TchopBranding in Frameworks */ = {isa = PBXBuildFile; productRef = B000000C0000000000000001 /* TchopBranding */; };
		C00000010000000000000001 /* TchopUIConfiguration in Frameworks */ = {isa = PBXBuildFile; productRef = C00000020000000000000001 /* TchopUIConfiguration */; };
		A00000810000000000000001 /* TchopAppTests/AppStateTests.swift in Sources */ = {isa = PBXBuildFile; fileRef = A00000820000000000000001 /* AppStateTests.swift */; };
		A00000830000000000000001 /* TchopAppTests/LoginViewModelTests.swift in Sources */ = {isa = PBXBuildFile; fileRef = A00000840000000000000001 /* LoginViewModelTests.swift */; };
		A00000850000000000000001 /* TchopAppTests/NewsFeedViewModelTests.swift in Sources */ = {isa = PBXBuildFile; fileRef = A00000860000000000000001 /* NewsFeedViewModelTests.swift */; };
		A00000870000000000000001 /* TchopAppTests/TestAppContentRepository.swift in Sources */ = {isa = PBXBuildFile; fileRef = A00000880000000000000001 /* TestAppContentRepository.swift */; };
		A00000920000000000000001 /* Models/FeatureTabModels.swift in Sources */ = {isa = PBXBuildFile; fileRef = A00000930000000000000001 /* FeatureTabModels.swift */; };
		A00000940000000000000001 /* Views/Tabs/FeatureTabScaffoldView.swift in Sources */ = {isa = PBXBuildFile; fileRef = A00000950000000000000001 /* FeatureTabScaffoldView.swift */; };
		A00000960000000000000001 /* Views/Tabs/MixesTabRootView.swift in Sources */ = {isa = PBXBuildFile; fileRef = A00000970000000000000001 /* MixesTabRootView.swift */; };
		A00000980000000000000001 /* Views/Tabs/PinnedTabRootView.swift in Sources */ = {isa = PBXBuildFile; fileRef = A00000990000000000000001 /* PinnedTabRootView.swift */; };
		A000009A0000000000000001 /* Views/Tabs/ChatTabRootView.swift in Sources */ = {isa = PBXBuildFile; fileRef = A000009B0000000000000001 /* ChatTabRootView.swift */; };
		D00000010000000000000001 /* App/AppWidgetBridge.swift in Sources */ = {isa = PBXBuildFile; fileRef = D00000020000000000000001 /* AppWidgetBridge.swift */; };
		D00000030000000000000001 /* Shared/AppGroupConfiguration.swift in Sources */ = {isa = PBXBuildFile; fileRef = D00000040000000000000001 /* AppGroupConfiguration.swift */; };
		D00000050000000000000001 /* TchopWidgets in Frameworks */ = {isa = PBXBuildFile; productRef = D00000060000000000000001 /* TchopWidgets */; };
		D00000070000000000000001 /* TchopWidgets in Frameworks */ = {isa = PBXBuildFile; productRef = D00000060000000000000001 /* TchopWidgets */; };
		D00000080000000000000001 /* TchopWidgetsExtension.appex in Embed App Extensions */ = {isa = PBXBuildFile; fileRef = D000000A0000000000000001 /* TchopWidgetsExtension.appex */; settings = {ATTRIBUTES = (RemoveHeadersOnCopy, ); }; };
		D000000B0000000000000001 /* FeedHeadlineWidget.swift in Sources */ = {isa = PBXBuildFile; fileRef = D000000C0000000000000001 /* FeedHeadlineWidget.swift */; };
		D000000D0000000000000001 /* TchopWidgetsBundle.swift in Sources */ = {isa = PBXBuildFile; fileRef = D000000E0000000000000001 /* TchopWidgetsBundle.swift */; };
		D000000F0000000000000001 /* Shared/AppGroupConfiguration.swift in Sources */ = {isa = PBXBuildFile; fileRef = D00000040000000000000001 /* AppGroupConfiguration.swift */; };
		D00000100000000000000001 /* TchopWidgets in Frameworks */ = {isa = PBXBuildFile; productRef = D00000060000000000000001 /* TchopWidgets */; };
/* End PBXBuildFile section */

/* Begin PBXCopyFilesBuildPhase section */
		D00000110000000000000001 /* Embed App Extensions */ = {
			isa = PBXCopyFilesBuildPhase;
			buildActionMask = 2147483647;
			dstPath = "";
			dstSubfolderSpec = 13;
			files = (
				D00000080000000000000001 /* TchopWidgetsExtension.appex in Embed App Extensions */,
			);
			name = "Embed App Extensions";
			runOnlyForDeploymentPostprocessing = 0;
		};
/* End PBXCopyFilesBuildPhase section */

/* Begin PBXContainerItemProxy section */
		A000008D0000000000000001 /* PBXContainerItemProxy */ = {
			isa = PBXContainerItemProxy;
			containerPortal = A000000B0000000000000001 /* Project object */;
			proxyType = 1;
			remoteGlobalIDString = A000000C0000000000000001;
			remoteInfo = TchopApp;
		};
		D00000120000000000000001 /* PBXContainerItemProxy */ = {
			isa = PBXContainerItemProxy;
			containerPortal = A000000B0000000000000001 /* Project object */;
			proxyType = 1;
			remoteGlobalIDString = D00000160000000000000001;
			remoteInfo = TchopWidgetsExtension;
		};
/* End PBXContainerItemProxy section */

/* Begin PBXFileReference section */
		A00000010000000000000001 /* TchopApp.app */ = {isa = PBXFileReference; explicitFileType = wrapper.application; includeInIndex = 0; path = TchopApp.app; sourceTree = BUILT_PRODUCTS_DIR; };
		B00000010000000000000001 /* TchopAppOcean.app */ = {isa = PBXFileReference; explicitFileType = wrapper.application; includeInIndex = 0; path = TchopAppOcean.app; sourceTree = BUILT_PRODUCTS_DIR; };
		D000000A0000000000000001 /* TchopWidgetsExtension.appex */ = {isa = PBXFileReference; explicitFileType = "wrapper.app-extension"; includeInIndex = 0; path = TchopWidgetsExtension.appex; sourceTree = BUILT_PRODUCTS_DIR; };
		A00000210000000000000001 /* TchopApp.swift */ = {isa = PBXFileReference; lastKnownFileType = sourcecode.swift; path = TchopApp.swift; sourceTree = "<group>"; };
		A00000220000000000000001 /* AppTab.swift */ = {isa = PBXFileReference; lastKnownFileType = sourcecode.swift; path = AppTab.swift; sourceTree = "<group>"; };
		A00000230000000000000001 /* AppShellView.swift */ = {isa = PBXFileReference; lastKnownFileType = sourcecode.swift; path = AppShellView.swift; sourceTree = "<group>"; };
		A00000240000000000000001 /* TopBarView.swift */ = {isa = PBXFileReference; lastKnownFileType = sourcecode.swift; path = TopBarView.swift; sourceTree = "<group>"; };
		A00000250000000000000001 /* BrandMarkView.swift */ = {isa = PBXFileReference; lastKnownFileType = sourcecode.swift; path = BrandMarkView.swift; sourceTree = "<group>"; };
		A00000260000000000000001 /* BottomTabBar.swift */ = {isa = PBXFileReference; lastKnownFileType = sourcecode.swift; path = BottomTabBar.swift; sourceTree = "<group>"; };
		A00000270000000000000001 /* FloatingActionButton.swift */ = {isa = PBXFileReference; lastKnownFileType = sourcecode.swift; path = FloatingActionButton.swift; sourceTree = "<group>"; };
		A00000280000000000000001 /* SideMenuView.swift */ = {isa = PBXFileReference; lastKnownFileType = sourcecode.swift; path = SideMenuView.swift; sourceTree = "<group>"; };
		A00000290000000000000001 /* NewsFeedView.swift */ = {isa = PBXFileReference; lastKnownFileType = sourcecode.swift; path = NewsFeedView.swift; sourceTree = "<group>"; };
		A000002A0000000000000001 /* FeaturedArticleCard.swift */ = {isa = PBXFileReference; lastKnownFileType = sourcecode.swift; path = FeaturedArticleCard.swift; sourceTree = "<group>"; };
		A000002B0000000000000001 /* DiscussionCard.swift */ = {isa = PBXFileReference; lastKnownFileType = sourcecode.swift; path = DiscussionCard.swift; sourceTree = "<group>"; };
		A000002C0000000000000001 /* TabStubView.swift */ = {isa = PBXFileReference; lastKnownFileType = sourcecode.swift; path = TabStubView.swift; sourceTree = "<group>"; };
		A000002D0000000000000001 /* Info.plist */ = {isa = PBXFileReference; lastKnownFileType = text.plist.xml; path = Info.plist; sourceTree = "<group>"; };
		A000002E0000000000000001 /* Assets.xcassets */ = {isa = PBXFileReference; lastKnownFileType = folder.assetcatalog; path = Assets.xcassets; sourceTree = "<group>"; };
		A00000360000000000000001 /* ShellContentView.swift */ = {isa = PBXFileReference; lastKnownFileType = sourcecode.swift; path = ShellContentView.swift; sourceTree = "<group>"; };
		A00000380000000000000001 /* TabContentView.swift */ = {isa = PBXFileReference; lastKnownFileType = sourcecode.swift; path = TabContentView.swift; sourceTree = "<group>"; };
		A000003A0000000000000001 /* ArticleActionView.swift */ = {isa = PBXFileReference; lastKnownFileType = sourcecode.swift; path = ArticleActionView.swift; sourceTree = "<group>"; };
		A000003C0000000000000001 /* ChannelHeaderInfo.swift */ = {isa = PBXFileReference; lastKnownFileType = sourcecode.swift; path = ChannelHeaderInfo.swift; sourceTree = "<group>"; };
		A000003E0000000000000001 /* NewsFeedModels.swift */ = {isa = PBXFileReference; lastKnownFileType = sourcecode.swift; path = NewsFeedModels.swift; sourceTree = "<group>"; };
		A00000400000000000000001 /* AppShellViewModel.swift */ = {isa = PBXFileReference; lastKnownFileType = sourcecode.swift; path = AppShellViewModel.swift; sourceTree = "<group>"; };
		A00000420000000000000001 /* NewsFeedViewModel.swift */ = {isa = PBXFileReference; lastKnownFileType = sourcecode.swift; path = NewsFeedViewModel.swift; sourceTree = "<group>"; };
		A00000440000000000000001 /* AppDatabase.swift */ = {isa = PBXFileReference; lastKnownFileType = sourcecode.swift; path = AppDatabase.swift; sourceTree = "<group>"; };
		A00000460000000000000001 /* AppContentRecord.swift */ = {isa = PBXFileReference; lastKnownFileType = sourcecode.swift; path = AppContentRecord.swift; sourceTree = "<group>"; };
		A00000480000000000000001 /* AppDataSeeder.swift */ = {isa = PBXFileReference; lastKnownFileType = sourcecode.swift; path = AppDataSeeder.swift; sourceTree = "<group>"; };
		A000004A0000000000000001 /* AppContentRepository.swift */ = {isa = PBXFileReference; lastKnownFileType = sourcecode.swift; path = AppContentRepository.swift; sourceTree = "<group>"; };
		A000004E0000000000000001 /* TabRoutes.swift */ = {isa = PBXFileReference; lastKnownFileType = sourcecode.swift; path = TabRoutes.swift; sourceTree = "<group>"; };
		A00000500000000000000001 /* AppCoordinator.swift */ = {isa = PBXFileReference; lastKnownFileType = sourcecode.swift; path = AppCoordinator.swift; sourceTree = "<group>"; };
		A00000A10000000000000001 /* NavigationSnapshot.swift */ = {isa = PBXFileReference; lastKnownFileType = sourcecode.swift; path = NavigationSnapshot.swift; sourceTree = "<group>"; };
		A00000A50000000000000001 /* DeepLinkManager.swift */ = {isa = PBXFileReference; lastKnownFileType = sourcecode.swift; path = DeepLinkManager.swift; sourceTree = "<group>"; };
		A00000A60000000000000001 /* DeepLinkManaging.swift */ = {isa = PBXFileReference; lastKnownFileType = sourcecode.swift; path = DeepLinkManaging.swift; sourceTree = "<group>"; };
		A00000520000000000000001 /* NewsTabRootView.swift */ = {isa = PBXFileReference; lastKnownFileType = sourcecode.swift; path = NewsTabRootView.swift; sourceTree = "<group>"; };
		A00000540000000000000001 /* NewsDestinationView.swift */ = {isa = PBXFileReference; lastKnownFileType = sourcecode.swift; path = NewsDestinationView.swift; sourceTree = "<group>"; };
		A00000560000000000000001 /* StubTabNavigationRootView.swift */ = {isa = PBXFileReference; lastKnownFileType = sourcecode.swift; path = StubTabNavigationRootView.swift; sourceTree = "<group>"; };
		A00000580000000000000001 /* StubTabDetailView.swift */ = {isa = PBXFileReference; lastKnownFileType = sourcecode.swift; path = StubTabDetailView.swift; sourceTree = "<group>"; };
		A000005A0000000000000001 /* AppUser.swift */ = {isa = PBXFileReference; lastKnownFileType = sourcecode.swift; path = AppUser.swift; sourceTree = "<group>"; };
		A000005C0000000000000001 /* UserSessionService.swift */ = {isa = PBXFileReference; lastKnownFileType = sourcecode.swift; path = UserSessionService.swift; sourceTree = "<group>"; };
		A000005E0000000000000001 /* UserRepository.swift */ = {isa = PBXFileReference; lastKnownFileType = sourcecode.swift; path = UserRepository.swift; sourceTree = "<group>"; };
		A00000620000000000000001 /* AppState.swift */ = {isa = PBXFileReference; lastKnownFileType = sourcecode.swift; path = AppState.swift; sourceTree = "<group>"; };
		A00000640000000000000001 /* LoginViewModel.swift */ = {isa = PBXFileReference; lastKnownFileType = sourcecode.swift; path = LoginViewModel.swift; sourceTree = "<group>"; };
		A00000660000000000000001 /* AppRootView.swift */ = {isa = PBXFileReference; lastKnownFileType = sourcecode.swift; path = AppRootView.swift; sourceTree = "<group>"; };
		A00000680000000000000001 /* LoginScreenView.swift */ = {isa = PBXFileReference; lastKnownFileType = sourcecode.swift; path = LoginScreenView.swift; sourceTree = "<group>"; };
		A000006A0000000000000001 /* ProfileTabRootView.swift */ = {isa = PBXFileReference; lastKnownFileType = sourcecode.swift; path = ProfileTabRootView.swift; sourceTree = "<group>"; };
		A000006C0000000000000001 /* FeedAPIManager.swift */ = {isa = PBXFileReference; lastKnownFileType = sourcecode.swift; path = FeedAPIManager.swift; sourceTree = "<group>"; };
		A00000740000000000000001 /* AppDIContainer.swift */ = {isa = PBXFileReference; lastKnownFileType = sourcecode.swift; path = AppDIContainer.swift; sourceTree = "<group>"; };
		A000009D0000000000000001 /* AppTheme.swift */ = {isa = PBXFileReference; lastKnownFileType = sourcecode.swift; path = AppTheme.swift; sourceTree = "<group>"; };
		A00000B10000000000000001 /* AppLocalization.swift */ = {isa = PBXFileReference; lastKnownFileType = sourcecode.swift; path = AppLocalization.swift; sourceTree = "<group>"; };
		B00000020000000000000001 /* AppBranding.swift */ = {isa = PBXFileReference; lastKnownFileType = sourcecode.swift; path = AppBranding.swift; sourceTree = "<group>"; };
		D00000020000000000000001 /* AppWidgetBridge.swift */ = {isa = PBXFileReference; lastKnownFileType = sourcecode.swift; path = AppWidgetBridge.swift; sourceTree = "<group>"; };
		D00000040000000000000001 /* AppGroupConfiguration.swift */ = {isa = PBXFileReference; lastKnownFileType = sourcecode.swift; path = AppGroupConfiguration.swift; sourceTree = "<group>"; };
		D000000C0000000000000001 /* FeedHeadlineWidget.swift */ = {isa = PBXFileReference; lastKnownFileType = sourcecode.swift; path = FeedHeadlineWidget.swift; sourceTree = "<group>"; };
		D000000E0000000000000001 /* TchopWidgetsBundle.swift */ = {isa = PBXFileReference; lastKnownFileType = sourcecode.swift; path = TchopWidgetsBundle.swift; sourceTree = "<group>"; };
		D00000130000000000000001 /* TchopApp.entitlements */ = {isa = PBXFileReference; lastKnownFileType = text.plist.entitlements; path = TchopApp.entitlements; sourceTree = "<group>"; };
		D00000140000000000000001 /* TchopWidgetsExtension.entitlements */ = {isa = PBXFileReference; lastKnownFileType = text.plist.entitlements; path = TchopWidgetsExtension.entitlements; sourceTree = "<group>"; };
		A00000800000000000000001 /* TchopAppTests.xctest */ = {isa = PBXFileReference; explicitFileType = wrapper.cfbundle; includeInIndex = 0; path = TchopAppTests.xctest; sourceTree = BUILT_PRODUCTS_DIR; };
		A00000820000000000000001 /* AppStateTests.swift */ = {isa = PBXFileReference; lastKnownFileType = sourcecode.swift; path = AppStateTests.swift; sourceTree = "<group>"; };
		A00000840000000000000001 /* LoginViewModelTests.swift */ = {isa = PBXFileReference; lastKnownFileType = sourcecode.swift; path = LoginViewModelTests.swift; sourceTree = "<group>"; };
		A00000860000000000000001 /* NewsFeedViewModelTests.swift */ = {isa = PBXFileReference; lastKnownFileType = sourcecode.swift; path = NewsFeedViewModelTests.swift; sourceTree = "<group>"; };
		A00000880000000000000001 /* TestAppContentRepository.swift */ = {isa = PBXFileReference; lastKnownFileType = sourcecode.swift; path = TestAppContentRepository.swift; sourceTree = "<group>"; };
		A00000930000000000000001 /* FeatureTabModels.swift */ = {isa = PBXFileReference; lastKnownFileType = sourcecode.swift; path = FeatureTabModels.swift; sourceTree = "<group>"; };
		A00000950000000000000001 /* FeatureTabScaffoldView.swift */ = {isa = PBXFileReference; lastKnownFileType = sourcecode.swift; path = FeatureTabScaffoldView.swift; sourceTree = "<group>"; };
		A00000970000000000000001 /* MixesTabRootView.swift */ = {isa = PBXFileReference; lastKnownFileType = sourcecode.swift; path = MixesTabRootView.swift; sourceTree = "<group>"; };
		A00000990000000000000001 /* PinnedTabRootView.swift */ = {isa = PBXFileReference; lastKnownFileType = sourcecode.swift; path = PinnedTabRootView.swift; sourceTree = "<group>"; };
		A000009B0000000000000001 /* ChatTabRootView.swift */ = {isa = PBXFileReference; lastKnownFileType = sourcecode.swift; path = ChatTabRootView.swift; sourceTree = "<group>"; };
/* End PBXFileReference section */

/* Begin PBXFrameworksBuildPhase section */
		A000000E0000000000000001 /* Frameworks */ = {
			isa = PBXFrameworksBuildPhase;
			buildActionMask = 2147483647;
			files = (
				A00000750000000000000001 /* TchopNetworking in Frameworks */,
				A00000770000000000000001 /* TchopDatabase in Frameworks */,
				A00000B20000000000000001 /* TchopLocalization in Frameworks */,
				D00000050000000000000001 /* TchopWidgets in Frameworks */,
				C00000010000000000000001 /* TchopUIConfiguration in Frameworks */,
			);
			runOnlyForDeploymentPostprocessing = 0;
		};
		A000008C0000000000000001 /* Frameworks */ = {
			isa = PBXFrameworksBuildPhase;
			buildActionMask = 2147483647;
			files = (
			);
			runOnlyForDeploymentPostprocessing = 0;
		};
		B00000050000000000000001 /* Frameworks */ = {
			isa = PBXFrameworksBuildPhase;
			buildActionMask = 2147483647;
			files = (
				A00000750000000000000001 /* TchopNetworking in Frameworks */,
				A00000770000000000000001 /* TchopDatabase in Frameworks */,
				A00000B20000000000000001 /* TchopLocalization in Frameworks */,
				B00000040000000000000001 /* TchopBranding in Frameworks */,
				D00000070000000000000001 /* TchopWidgets in Frameworks */,
				C00000010000000000000001 /* TchopUIConfiguration in Frameworks */,
			);
			runOnlyForDeploymentPostprocessing = 0;
		};
		D00000150000000000000001 /* Frameworks */ = {
			isa = PBXFrameworksBuildPhase;
			buildActionMask = 2147483647;
			files = (
				D00000100000000000000001 /* TchopWidgets in Frameworks */,
			);
			runOnlyForDeploymentPostprocessing = 0;
		};
/* End PBXFrameworksBuildPhase section */

/* Begin PBXGroup section */
		A00000020000000000000001 = {
			isa = PBXGroup;
			children = (
				A00000030000000000000001 /* TchopApp */,
				D00000180000000000000001 /* TchopWidgetsExtension */,
				A00000040000000000000001 /* Products */,
			);
			sourceTree = "<group>";
		};
		A00000030000000000000001 /* TchopApp */ = {
			isa = PBXGroup;
			children = (
				A00000210000000000000001 /* TchopApp.swift */,
				A000000F0000000000000002 /* App */,
				D00000170000000000000001 /* Shared */,
				A000000A0000000000000002 /* Models */,
				A000000E0000000000000002 /* Navigation */,
				A000000C0000000000000002 /* Persistence */,
				A000000D0000000000000002 /* Repositories */,
				A00000100000000000000002 /* Services */,
				A000000B0000000000000002 /* ViewModels */,
				A00000050000000000000001 /* Views */,
				A00000890000000000000001 /* TchopAppTests */,
				A000002D0000000000000001 /* Info.plist */,
				A000002E0000000000000001 /* Assets.xcassets */,
				D00000130000000000000001 /* TchopApp.entitlements */,
			);
			path = TchopApp;
			sourceTree = "<group>";
		};
		A00000040000000000000001 /* Products */ = {
			isa = PBXGroup;
			children = (
				A00000010000000000000001 /* TchopApp.app */,
				B00000010000000000000001 /* TchopAppOcean.app */,
				D000000A0000000000000001 /* TchopWidgetsExtension.appex */,
				A00000800000000000000001 /* TchopAppTests.xctest */,
			);
			name = Products;
			sourceTree = "<group>";
		};
		A000000A0000000000000002 /* Models */ = {
			isa = PBXGroup;
			children = (
				A00000220000000000000001 /* AppTab.swift */,
				A000005A0000000000000001 /* AppUser.swift */,
				A000003C0000000000000001 /* ChannelHeaderInfo.swift */,
				A00000930000000000000001 /* FeatureTabModels.swift */,
				A000003E0000000000000001 /* NewsFeedModels.swift */,
			);
			path = Models;
			sourceTree = "<group>";
		};
		A000000B0000000000000002 /* ViewModels */ = {
			isa = PBXGroup;
			children = (
				A00000400000000000000001 /* AppShellViewModel.swift */,
				A00000420000000000000001 /* NewsFeedViewModel.swift */,
				A00000640000000000000001 /* LoginViewModel.swift */,
			);
			path = ViewModels;
			sourceTree = "<group>";
		};
		A000000C0000000000000002 /* Persistence */ = {
			isa = PBXGroup;
			children = (
				A00000440000000000000001 /* AppDatabase.swift */,
				A00000460000000000000001 /* AppContentRecord.swift */,
				A00000480000000000000001 /* AppDataSeeder.swift */,
			);
			path = Persistence;
			sourceTree = "<group>";
		};
		A000000D0000000000000002 /* Repositories */ = {
			isa = PBXGroup;
			children = (
				A000004A0000000000000001 /* AppContentRepository.swift */,
				A000005E0000000000000001 /* UserRepository.swift */,
			);
			path = Repositories;
			sourceTree = "<group>";
		};
		A000000F0000000000000002 /* App */ = {
			isa = PBXGroup;
			children = (
				B00000020000000000000001 /* AppBranding.swift */,
				A00000740000000000000001 /* AppDIContainer.swift */,
				A00000620000000000000001 /* AppState.swift */,
				A00000B10000000000000001 /* AppLocalization.swift */,
				A000009D0000000000000001 /* AppTheme.swift */,
				D00000020000000000000001 /* AppWidgetBridge.swift */,
			);
			path = App;
			sourceTree = "<group>";
		};
		D00000170000000000000001 /* Shared */ = {
			isa = PBXGroup;
			children = (
				D00000040000000000000001 /* AppGroupConfiguration.swift */,
			);
			path = Shared;
			sourceTree = "<group>";
		};
		D00000180000000000000001 /* TchopWidgetsExtension */ = {
			isa = PBXGroup;
			children = (
				D000000C0000000000000001 /* FeedHeadlineWidget.swift */,
				D000000E0000000000000001 /* TchopWidgetsBundle.swift */,
				D00000140000000000000001 /* TchopWidgetsExtension.entitlements */,
			);
			path = TchopWidgetsExtension;
			sourceTree = "<group>";
		};
		A00000100000000000000002 /* Services */ = {
			isa = PBXGroup;
			children = (
				A000006C0000000000000001 /* FeedAPIManager.swift */,
				A000005C0000000000000001 /* UserSessionService.swift */,
			);
			path = Services;
			sourceTree = "<group>";
		};
		A000000E0000000000000002 /* Navigation */ = {
			isa = PBXGroup;
			children = (
				A000004E0000000000000001 /* TabRoutes.swift */,
				A00000500000000000000001 /* AppCoordinator.swift */,
				A00000A10000000000000001 /* NavigationSnapshot.swift */,
				A00000A60000000000000001 /* DeepLinkManaging.swift */,
				A00000A50000000000000001 /* DeepLinkManager.swift */,
			);
			path = Navigation;
			sourceTree = "<group>";
		};
		A00000050000000000000001 /* Views */ = {
			isa = PBXGroup;
			children = (
				A00000660000000000000001 /* AppRootView.swift */,
				A00000230000000000000001 /* AppShellView.swift */,
				A00000360000000000000001 /* ShellContentView.swift */,
				A00000380000000000000001 /* TabContentView.swift */,
				A00000240000000000000001 /* TopBarView.swift */,
				A00000250000000000000001 /* BrandMarkView.swift */,
				A00000110000000000000002 /* Auth */,
				A00000060000000000000001 /* Menu */,
				A00000070000000000000001 /* News */,
				A00000080000000000000001 /* Tabs */,
				A00000090000000000000001 /* Stub */,
			);
			path = Views;
			sourceTree = "<group>";
		};
		A00000110000000000000002 /* Auth */ = {
			isa = PBXGroup;
			children = (
				A00000680000000000000001 /* LoginScreenView.swift */,
			);
			path = Auth;
			sourceTree = "<group>";
		};
		A00000060000000000000001 /* Menu */ = {
			isa = PBXGroup;
			children = (
				A00000280000000000000001 /* SideMenuView.swift */,
			);
			path = Menu;
			sourceTree = "<group>";
		};
		A00000070000000000000001 /* News */ = {
			isa = PBXGroup;
			children = (
				A00000290000000000000001 /* NewsFeedView.swift */,
				A000002A0000000000000001 /* FeaturedArticleCard.swift */,
				A000002B0000000000000001 /* DiscussionCard.swift */,
				A000003A0000000000000001 /* ArticleActionView.swift */,
			);
			path = News;
			sourceTree = "<group>";
		};
		A00000080000000000000001 /* Tabs */ = {
			isa = PBXGroup;
			children = (
				A00000260000000000000001 /* BottomTabBar.swift */,
				A000009B0000000000000001 /* ChatTabRootView.swift */,
				A00000950000000000000001 /* FeatureTabScaffoldView.swift */,
				A00000270000000000000001 /* FloatingActionButton.swift */,
				A00000970000000000000001 /* MixesTabRootView.swift */,
				A00000520000000000000001 /* NewsTabRootView.swift */,
				A00000540000000000000001 /* NewsDestinationView.swift */,
				A00000990000000000000001 /* PinnedTabRootView.swift */,
				A000006A0000000000000001 /* ProfileTabRootView.swift */,
				A00000560000000000000001 /* StubTabNavigationRootView.swift */,
				A00000580000000000000001 /* StubTabDetailView.swift */,
			);
			path = Tabs;
			sourceTree = "<group>";
		};
		A00000090000000000000001 /* Stub */ = {
			isa = PBXGroup;
			children = (
				A000002C0000000000000001 /* TabStubView.swift */,
			);
			path = Stub;
			sourceTree = "<group>";
		};
		A00000890000000000000001 /* TchopAppTests */ = {
			isa = PBXGroup;
			children = (
				A00000820000000000000001 /* AppStateTests.swift */,
				A00000840000000000000001 /* LoginViewModelTests.swift */,
				A00000860000000000000001 /* NewsFeedViewModelTests.swift */,
				A00000880000000000000001 /* TestAppContentRepository.swift */,
			);
			path = ../TchopAppTests;
			sourceTree = "<group>";
		};
/* End PBXGroup section */

/* Begin PBXNativeTarget section */
		A000000C0000000000000001 /* TchopApp */ = {
			isa = PBXNativeTarget;
			buildConfigurationList = A00000100000000000000001 /* Build configuration list for PBXNativeTarget "TchopApp" */;
			buildPhases = (
				A000000D0000000000000001 /* Sources */,
				A000000E0000000000000001 /* Frameworks */,
				A000000F0000000000000001 /* Resources */,
				D00000110000000000000001 /* Embed App Extensions */,
			);
			buildRules = (
			);
			dependencies = (
				D00000190000000000000001 /* PBXTargetDependency */,
			);
			name = TchopApp;
			packageProductDependencies = (
				A00000760000000000000001 /* TchopNetworking */,
				A00000780000000000000001 /* TchopDatabase */,
				A00000B30000000000000001 /* TchopLocalization */,
				B000000C0000000000000001 /* TchopBranding */,
				D00000060000000000000001 /* TchopWidgets */,
				C00000020000000000000001 /* TchopUIConfiguration */,
			);
			productName = TchopApp;
			productReference = A00000010000000000000001 /* TchopApp.app */;
			productType = "com.apple.product-type.application";
		};
		B00000080000000000000001 /* TchopAppOcean */ = {
			isa = PBXNativeTarget;
			buildConfigurationList = B000000B0000000000000001 /* Build configuration list for PBXNativeTarget "TchopAppOcean" */;
			buildPhases = (
				B00000070000000000000001 /* Sources */,
				B00000050000000000000001 /* Frameworks */,
				B00000060000000000000001 /* Resources */,
			);
			buildRules = (
			);
			dependencies = (
			);
			name = TchopAppOcean;
			packageProductDependencies = (
				A00000760000000000000001 /* TchopNetworking */,
				A00000780000000000000001 /* TchopDatabase */,
				A00000B30000000000000001 /* TchopLocalization */,
				B000000C0000000000000001 /* TchopBranding */,
				D00000060000000000000001 /* TchopWidgets */,
				C00000020000000000000001 /* TchopUIConfiguration */,
			);
			productName = TchopAppOcean;
			productReference = B00000010000000000000001 /* TchopAppOcean.app */;
			productType = "com.apple.product-type.application";
		};
		D00000160000000000000001 /* TchopWidgetsExtension */ = {
			isa = PBXNativeTarget;
			buildConfigurationList = D000001E0000000000000001 /* Build configuration list for PBXNativeTarget "TchopWidgetsExtension" */;
			buildPhases = (
				D000001A0000000000000001 /* Sources */,
				D00000150000000000000001 /* Frameworks */,
				D000001B0000000000000001 /* Resources */,
			);
			buildRules = (
			);
			dependencies = (
			);
			name = TchopWidgetsExtension;
			packageProductDependencies = (
				D00000060000000000000001 /* TchopWidgets */,
			);
			productName = TchopWidgetsExtension;
			productReference = D000000A0000000000000001 /* TchopWidgetsExtension.appex */;
			productType = "com.apple.product-type.app-extension";
		};
		A000008A0000000000000001 /* TchopAppTests */ = {
			isa = PBXNativeTarget;
			buildConfigurationList = A000008E0000000000000001 /* Build configuration list for PBXNativeTarget "TchopAppTests" */;
			buildPhases = (
				A000008B0000000000000001 /* Sources */,
				A000008C0000000000000001 /* Frameworks */,
			);
			buildRules = (
			);
			dependencies = (
				A000008F0000000000000001 /* PBXTargetDependency */,
			);
			name = TchopAppTests;
			productName = TchopAppTests;
			productReference = A00000800000000000000001 /* TchopAppTests.xctest */;
			productType = "com.apple.product-type.bundle.unit-test";
		};
/* End PBXNativeTarget section */

/* Begin PBXProject section */
		A000000B0000000000000001 /* Project object */ = {
			isa = PBXProject;
			attributes = {
				BuildIndependentTargetsInParallel = 1;
				LastSwiftUpdateCheck = 2600;
				LastUpgradeCheck = 2600;
				TargetAttributes = {
					A000000C0000000000000001 = {
						CreatedOnToolsVersion = 26.0.1;
					};
					B00000080000000000000001 = {
						CreatedOnToolsVersion = 26.0.1;
					};
					D00000160000000000000001 = {
						CreatedOnToolsVersion = 26.0.1;
					};
				};
			};
			buildConfigurationList = A000000A0000000000000001 /* Build configuration list for PBXProject "TchopApp" */;
			developmentRegion = en;
			hasScannedForEncodings = 0;
			knownRegions = (
				en,
				ru,
				Base,
			);
			mainGroup = A00000020000000000000001;
			minimizedProjectReferenceProxies = 1;
			packageReferences = (
				A00000790000000000000001 /* XCLocalSwiftPackageReference "Packages/TchopInfrastructure" */,
			);
			preferredProjectObjectVersion = 77;
			productRefGroup = A00000040000000000000001 /* Products */;
			projectDirPath = "";
			projectRoot = "";
			targets = (
				A000000C0000000000000001 /* TchopApp */,
				B00000080000000000000001 /* TchopAppOcean */,
				D00000160000000000000001 /* TchopWidgetsExtension */,
				A000008A0000000000000001 /* TchopAppTests */,
			);
		};
/* End PBXProject section */

/* Begin PBXTargetDependency section */
		A000008F0000000000000001 /* PBXTargetDependency */ = {
			isa = PBXTargetDependency;
			target = A000000C0000000000000001 /* TchopApp */;
			targetProxy = A000008D0000000000000001 /* PBXContainerItemProxy */;
		};
		D00000190000000000000001 /* PBXTargetDependency */ = {
			isa = PBXTargetDependency;
			target = D00000160000000000000001 /* TchopWidgetsExtension */;
			targetProxy = D00000120000000000000001 /* PBXContainerItemProxy */;
		};
/* End PBXTargetDependency section */

/* Begin PBXResourcesBuildPhase section */
		A000000F0000000000000001 /* Resources */ = {
			isa = PBXResourcesBuildPhase;
			buildActionMask = 2147483647;
			files = (
				A000001D0000000000000001 /* Assets.xcassets in Resources */,
			);
			runOnlyForDeploymentPostprocessing = 0;
		};
		B00000060000000000000001 /* Resources */ = {
			isa = PBXResourcesBuildPhase;
			buildActionMask = 2147483647;
			files = (
				A000001D0000000000000001 /* Assets.xcassets in Resources */,
			);
			runOnlyForDeploymentPostprocessing = 0;
		};
		D000001B0000000000000001 /* Resources */ = {
			isa = PBXResourcesBuildPhase;
			buildActionMask = 2147483647;
			files = (
			);
			runOnlyForDeploymentPostprocessing = 0;
		};
/* End PBXResourcesBuildPhase section */

/* Begin PBXSourcesBuildPhase section */
		A000000D0000000000000001 /* Sources */ = {
			isa = PBXSourcesBuildPhase;
			buildActionMask = 2147483647;
			files = (
				A00000110000000000000001 /* TchopApp.swift in Sources */,
				A00000120000000000000001 /* Models/AppTab.swift in Sources */,
				A00000130000000000000001 /* AppShellView.swift in Sources */,
				A00000140000000000000001 /* TopBarView.swift in Sources */,
				A00000150000000000000001 /* BrandMarkView.swift in Sources */,
				A00000160000000000000001 /* BottomTabBar.swift in Sources */,
				A00000170000000000000001 /* FloatingActionButton.swift in Sources */,
				A00000180000000000000001 /* SideMenuView.swift in Sources */,
				A00000190000000000000001 /* NewsFeedView.swift in Sources */,
				A000001A0000000000000001 /* FeaturedArticleCard.swift in Sources */,
				A000001B0000000000000001 /* DiscussionCard.swift in Sources */,
				A000001C0000000000000001 /* TabStubView.swift in Sources */,
				A00000350000000000000001 /* ShellContentView.swift in Sources */,
				A00000370000000000000001 /* TabContentView.swift in Sources */,
				A00000390000000000000001 /* ArticleActionView.swift in Sources */,
				A000003B0000000000000001 /* Models/ChannelHeaderInfo.swift in Sources */,
				A00000920000000000000001 /* Models/FeatureTabModels.swift in Sources */,
				A000003D0000000000000001 /* Models/NewsFeedModels.swift in Sources */,
				A000003F0000000000000001 /* ViewModels/AppShellViewModel.swift in Sources */,
				A00000410000000000000001 /* ViewModels/NewsFeedViewModel.swift in Sources */,
				A00000430000000000000001 /* Persistence/AppDatabase.swift in Sources */,
				A00000450000000000000001 /* Persistence/AppContentRecord.swift in Sources */,
				A00000470000000000000001 /* Persistence/AppDataSeeder.swift in Sources */,
				A00000490000000000000001 /* Repositories/AppContentRepository.swift in Sources */,
				A000004D0000000000000001 /* Navigation/TabRoutes.swift in Sources */,
				A000004F0000000000000001 /* Navigation/AppCoordinator.swift in Sources */,
				A00000A00000000000000001 /* Navigation/NavigationSnapshot.swift in Sources */,
				A00000A70000000000000001 /* Navigation/DeepLinkManaging.swift in Sources */,
				A00000A40000000000000001 /* Navigation/DeepLinkManager.swift in Sources */,
				A00000510000000000000001 /* Views/Tabs/NewsTabRootView.swift in Sources */,
				A00000530000000000000001 /* Views/Tabs/NewsDestinationView.swift in Sources */,
				A00000940000000000000001 /* Views/Tabs/FeatureTabScaffoldView.swift in Sources */,
				A00000960000000000000001 /* Views/Tabs/MixesTabRootView.swift in Sources */,
				A00000980000000000000001 /* Views/Tabs/PinnedTabRootView.swift in Sources */,
				A000009A0000000000000001 /* Views/Tabs/ChatTabRootView.swift in Sources */,
				A00000550000000000000001 /* Views/Tabs/StubTabNavigationRootView.swift in Sources */,
				A00000570000000000000001 /* Views/Tabs/StubTabDetailView.swift in Sources */,
				A00000590000000000000001 /* Models/AppUser.swift in Sources */,
				A000005B0000000000000001 /* Services/UserSessionService.swift in Sources */,
				A000005D0000000000000001 /* Repositories/UserRepository.swift in Sources */,
				A00000610000000000000001 /* App/AppState.swift in Sources */,
				A00000630000000000000001 /* ViewModels/LoginViewModel.swift in Sources */,
				A00000650000000000000001 /* Views/AppRootView.swift in Sources */,
				A00000670000000000000001 /* Views/Auth/LoginScreenView.swift in Sources */,
				A00000690000000000000001 /* Views/Tabs/ProfileTabRootView.swift in Sources */,
				A000006B0000000000000001 /* Services/FeedAPIManager.swift in Sources */,
				A00000730000000000000001 /* App/AppDIContainer.swift in Sources */,
				B00000030000000000000001 /* App/AppBranding.swift in Sources */,
				A00000B00000000000000001 /* App/AppLocalization.swift in Sources */,
				A000009C0000000000000001 /* App/AppTheme.swift in Sources */,
				D00000010000000000000001 /* App/AppWidgetBridge.swift in Sources */,
				D00000030000000000000001 /* Shared/AppGroupConfiguration.swift in Sources */,
			);
			runOnlyForDeploymentPostprocessing = 0;
		};
		B00000070000000000000001 /* Sources */ = {
			isa = PBXSourcesBuildPhase;
			buildActionMask = 2147483647;
			files = (
				A00000110000000000000001 /* TchopApp.swift in Sources */,
				A00000120000000000000001 /* Models/AppTab.swift in Sources */,
				A00000130000000000000001 /* AppShellView.swift in Sources */,
				A00000140000000000000001 /* TopBarView.swift in Sources */,
				A00000150000000000000001 /* BrandMarkView.swift in Sources */,
				A00000160000000000000001 /* BottomTabBar.swift in Sources */,
				A00000170000000000000001 /* FloatingActionButton.swift in Sources */,
				A00000180000000000000001 /* SideMenuView.swift in Sources */,
				A00000190000000000000001 /* NewsFeedView.swift in Sources */,
				A000001A0000000000000001 /* FeaturedArticleCard.swift in Sources */,
				A000001B0000000000000001 /* DiscussionCard.swift in Sources */,
				A000001C0000000000000001 /* TabStubView.swift in Sources */,
				A00000350000000000000001 /* ShellContentView.swift in Sources */,
				A00000370000000000000001 /* TabContentView.swift in Sources */,
				A00000390000000000000001 /* ArticleActionView.swift in Sources */,
				A000003B0000000000000001 /* Models/ChannelHeaderInfo.swift in Sources */,
				A00000920000000000000001 /* Models/FeatureTabModels.swift in Sources */,
				A000003D0000000000000001 /* Models/NewsFeedModels.swift in Sources */,
				A000003F0000000000000001 /* ViewModels/AppShellViewModel.swift in Sources */,
				A00000410000000000000001 /* ViewModels/NewsFeedViewModel.swift in Sources */,
				A00000430000000000000001 /* Persistence/AppDatabase.swift in Sources */,
				A00000450000000000000001 /* Persistence/AppContentRecord.swift in Sources */,
				A00000470000000000000001 /* Persistence/AppDataSeeder.swift in Sources */,
				A00000490000000000000001 /* Repositories/AppContentRepository.swift in Sources */,
				A000004D0000000000000001 /* Navigation/TabRoutes.swift in Sources */,
				A000004F0000000000000001 /* Navigation/AppCoordinator.swift in Sources */,
				A00000A00000000000000001 /* Navigation/NavigationSnapshot.swift in Sources */,
				A00000A70000000000000001 /* Navigation/DeepLinkManaging.swift in Sources */,
				A00000A40000000000000001 /* Navigation/DeepLinkManager.swift in Sources */,
				A00000510000000000000001 /* Views/Tabs/NewsTabRootView.swift in Sources */,
				A00000530000000000000001 /* Views/Tabs/NewsDestinationView.swift in Sources */,
				A00000940000000000000001 /* Views/Tabs/FeatureTabScaffoldView.swift in Sources */,
				A00000960000000000000001 /* Views/Tabs/MixesTabRootView.swift in Sources */,
				A00000980000000000000001 /* Views/Tabs/PinnedTabRootView.swift in Sources */,
				A000009A0000000000000001 /* Views/Tabs/ChatTabRootView.swift in Sources */,
				A00000550000000000000001 /* Views/Tabs/StubTabNavigationRootView.swift in Sources */,
				A00000570000000000000001 /* Views/Tabs/StubTabDetailView.swift in Sources */,
				A00000590000000000000001 /* Models/AppUser.swift in Sources */,
				A000005B0000000000000001 /* Services/UserSessionService.swift in Sources */,
				A000005D0000000000000001 /* Repositories/UserRepository.swift in Sources */,
				A00000610000000000000001 /* App/AppState.swift in Sources */,
				A00000630000000000000001 /* ViewModels/LoginViewModel.swift in Sources */,
				A00000650000000000000001 /* Views/AppRootView.swift in Sources */,
				A00000670000000000000001 /* Views/Auth/LoginScreenView.swift in Sources */,
				A00000690000000000000001 /* Views/Tabs/ProfileTabRootView.swift in Sources */,
				A000006B0000000000000001 /* Services/FeedAPIManager.swift in Sources */,
				A00000730000000000000001 /* App/AppDIContainer.swift in Sources */,
				B00000030000000000000001 /* App/AppBranding.swift in Sources */,
				A00000B00000000000000001 /* App/AppLocalization.swift in Sources */,
				A000009C0000000000000001 /* App/AppTheme.swift in Sources */,
				D00000010000000000000001 /* App/AppWidgetBridge.swift in Sources */,
				D00000030000000000000001 /* Shared/AppGroupConfiguration.swift in Sources */,
			);
			runOnlyForDeploymentPostprocessing = 0;
		};
		D000001A0000000000000001 /* Sources */ = {
			isa = PBXSourcesBuildPhase;
			buildActionMask = 2147483647;
			files = (
				D000000B0000000000000001 /* FeedHeadlineWidget.swift in Sources */,
				D000000D0000000000000001 /* TchopWidgetsBundle.swift in Sources */,
				D000000F0000000000000001 /* Shared/AppGroupConfiguration.swift in Sources */,
			);
			runOnlyForDeploymentPostprocessing = 0;
		};
		A000008B0000000000000001 /* Sources */ = {
			isa = PBXSourcesBuildPhase;
			buildActionMask = 2147483647;
			files = (
				A00000810000000000000001 /* TchopAppTests/AppStateTests.swift in Sources */,
				A00000830000000000000001 /* TchopAppTests/LoginViewModelTests.swift in Sources */,
				A00000850000000000000001 /* TchopAppTests/NewsFeedViewModelTests.swift in Sources */,
				A00000870000000000000001 /* TchopAppTests/TestAppContentRepository.swift in Sources */,
			);
			runOnlyForDeploymentPostprocessing = 0;
		};
/* End PBXSourcesBuildPhase section */

/* Begin XCLocalSwiftPackageReference section */
		A00000790000000000000001 /* XCLocalSwiftPackageReference "Packages/TchopInfrastructure" */ = {
			isa = XCLocalSwiftPackageReference;
			relativePath = Packages/TchopInfrastructure;
		};
/* End XCLocalSwiftPackageReference section */

/* Begin XCSwiftPackageProductDependency section */
		A00000760000000000000001 /* TchopNetworking */ = {
			isa = XCSwiftPackageProductDependency;
			package = A00000790000000000000001 /* XCLocalSwiftPackageReference "Packages/TchopInfrastructure" */;
			productName = TchopNetworking;
		};
		A00000780000000000000001 /* TchopDatabase */ = {
			isa = XCSwiftPackageProductDependency;
			package = A00000790000000000000001 /* XCLocalSwiftPackageReference "Packages/TchopInfrastructure" */;
			productName = TchopDatabase;
		};
		A00000B30000000000000001 /* TchopLocalization */ = {
			isa = XCSwiftPackageProductDependency;
			package = A00000790000000000000001 /* XCLocalSwiftPackageReference "Packages/TchopInfrastructure" */;
			productName = TchopLocalization;
		};
		B000000C0000000000000001 /* TchopBranding */ = {
			isa = XCSwiftPackageProductDependency;
			package = A00000790000000000000001 /* XCLocalSwiftPackageReference "Packages/TchopInfrastructure" */;
			productName = TchopBranding;
		};
		C00000020000000000000001 /* TchopUIConfiguration */ = {
			isa = XCSwiftPackageProductDependency;
			package = A00000790000000000000001 /* XCLocalSwiftPackageReference "Packages/TchopInfrastructure" */;
			productName = TchopUIConfiguration;
		};
		D00000060000000000000001 /* TchopWidgets */ = {
			isa = XCSwiftPackageProductDependency;
			package = A00000790000000000000001 /* XCLocalSwiftPackageReference "Packages/TchopInfrastructure" */;
			productName = TchopWidgets;
		};
/* End XCSwiftPackageProductDependency section */

/* Begin XCBuildConfiguration section */
		A000001E0000000000000001 /* Debug */ = {
			isa = XCBuildConfiguration;
			buildSettings = {
				ALWAYS_SEARCH_USER_PATHS = NO;
				CLANG_ENABLE_MODULES = YES;
				CLANG_ENABLE_OBJC_ARC = YES;
				COPY_PHASE_STRIP = NO;
				DEBUG_INFORMATION_FORMAT = dwarf;
				ENABLE_STRICT_OBJC_MSGSEND = YES;
				GCC_C_LANGUAGE_STANDARD = gnu17;
				GCC_NO_COMMON_BLOCKS = YES;
				GCC_OPTIMIZATION_LEVEL = 0;
				GCC_PREPROCESSOR_DEFINITIONS = (
					"DEBUG=1",
					"$(inherited)",
				);
				IPHONEOS_DEPLOYMENT_TARGET = 16.0;
				MTL_ENABLE_DEBUG_INFO = INCLUDE_SOURCE;
				ONLY_ACTIVE_ARCH = YES;
				SDKROOT = iphoneos;
				SWIFT_ACTIVE_COMPILATION_CONDITIONS = DEBUG;
				SWIFT_OPTIMIZATION_LEVEL = "-Onone";
			};
			name = Debug;
		};
		A000001F0000000000000001 /* Release */ = {
			isa = XCBuildConfiguration;
			buildSettings = {
				ALWAYS_SEARCH_USER_PATHS = NO;
				CLANG_ENABLE_MODULES = YES;
				CLANG_ENABLE_OBJC_ARC = YES;
				COPY_PHASE_STRIP = NO;
				DEBUG_INFORMATION_FORMAT = "dwarf-with-dsym";
				ENABLE_NS_ASSERTIONS = NO;
				ENABLE_STRICT_OBJC_MSGSEND = YES;
				GCC_C_LANGUAGE_STANDARD = gnu17;
				GCC_NO_COMMON_BLOCKS = YES;
				IPHONEOS_DEPLOYMENT_TARGET = 16.0;
				MTL_ENABLE_DEBUG_INFO = NO;
				SDKROOT = iphoneos;
				SWIFT_COMPILATION_MODE = wholemodule;
				VALIDATE_PRODUCT = YES;
			};
			name = Release;
		};
		A000002F0000000000000001 /* Debug */ = {
			isa = XCBuildConfiguration;
			buildSettings = {
				APP_DISPLAY_NAME = TchopApp;
				ASSETCATALOG_COMPILER_APPICON_NAME = AppIcon;
				ASSETCATALOG_COMPILER_GLOBAL_ACCENT_COLOR_NAME = AccentColor;
				CODE_SIGN_ENTITLEMENTS = TchopApp/TchopApp.entitlements;
				CODE_SIGN_STYLE = Automatic;
				CURRENT_PROJECT_VERSION = 1;
				DEVELOPMENT_TEAM = "";
				ENABLE_TESTABILITY = YES;
				GENERATE_INFOPLIST_FILE = NO;
				INFOPLIST_FILE = TchopApp/Info.plist;
				IPHONEOS_DEPLOYMENT_TARGET = 16.0;
				LD_RUNPATH_SEARCH_PATHS = (
					"$(inherited)",
					"@executable_path/Frameworks",
				);
				MARKETING_VERSION = 1.0;
				PRODUCT_BUNDLE_IDENTIFIER = com.example.TchopApp;
				PRODUCT_NAME = "$(TARGET_NAME)";
				SUPPORTED_PLATFORMS = "iphoneos iphonesimulator";
				SWIFT_EMIT_LOC_STRINGS = YES;
				SWIFT_VERSION = 5.0;
				TCHOP_BRAND_VARIANT = classic;
				TARGETED_DEVICE_FAMILY = "1,2";
			};
			name = Debug;
		};
		A00000300000000000000001 /* Release */ = {
			isa = XCBuildConfiguration;
			buildSettings = {
				APP_DISPLAY_NAME = TchopApp;
				ASSETCATALOG_COMPILER_APPICON_NAME = AppIcon;
				ASSETCATALOG_COMPILER_GLOBAL_ACCENT_COLOR_NAME = AccentColor;
				CODE_SIGN_ENTITLEMENTS = TchopApp/TchopApp.entitlements;
				CODE_SIGN_STYLE = Automatic;
				CURRENT_PROJECT_VERSION = 1;
				DEVELOPMENT_TEAM = "";
				GENERATE_INFOPLIST_FILE = NO;
				INFOPLIST_FILE = TchopApp/Info.plist;
				IPHONEOS_DEPLOYMENT_TARGET = 16.0;
				LD_RUNPATH_SEARCH_PATHS = (
					"$(inherited)",
					"@executable_path/Frameworks",
				);
				MARKETING_VERSION = 1.0;
				PRODUCT_BUNDLE_IDENTIFIER = com.example.TchopApp;
				PRODUCT_NAME = "$(TARGET_NAME)";
				SUPPORTED_PLATFORMS = "iphoneos iphonesimulator";
				SWIFT_EMIT_LOC_STRINGS = YES;
				SWIFT_VERSION = 5.0;
				TCHOP_BRAND_VARIANT = classic;
				TARGETED_DEVICE_FAMILY = "1,2";
			};
			name = Release;
		};
		B00000090000000000000001 /* Debug */ = {
			isa = XCBuildConfiguration;
			buildSettings = {
				APP_DISPLAY_NAME = "Tchop Ocean";
				ASSETCATALOG_COMPILER_APPICON_NAME = AppIcon;
				ASSETCATALOG_COMPILER_GLOBAL_ACCENT_COLOR_NAME = AccentColor;
				CODE_SIGN_ENTITLEMENTS = TchopApp/TchopApp.entitlements;
				CODE_SIGN_STYLE = Automatic;
				CURRENT_PROJECT_VERSION = 1;
				DEVELOPMENT_TEAM = "";
				ENABLE_TESTABILITY = YES;
				GENERATE_INFOPLIST_FILE = NO;
				INFOPLIST_FILE = TchopApp/Info.plist;
				IPHONEOS_DEPLOYMENT_TARGET = 16.0;
				LD_RUNPATH_SEARCH_PATHS = (
					"$(inherited)",
					"@executable_path/Frameworks",
				);
				MARKETING_VERSION = 1.0;
				PRODUCT_BUNDLE_IDENTIFIER = com.example.TchopAppOcean;
				PRODUCT_NAME = "$(TARGET_NAME)";
				SUPPORTED_PLATFORMS = "iphoneos iphonesimulator";
				SWIFT_EMIT_LOC_STRINGS = YES;
				SWIFT_VERSION = 5.0;
				TCHOP_BRAND_VARIANT = ocean;
				TARGETED_DEVICE_FAMILY = "1,2";
			};
			name = Debug;
		};
		B000000A0000000000000001 /* Release */ = {
			isa = XCBuildConfiguration;
			buildSettings = {
				APP_DISPLAY_NAME = "Tchop Ocean";
				ASSETCATALOG_COMPILER_APPICON_NAME = AppIcon;
				ASSETCATALOG_COMPILER_GLOBAL_ACCENT_COLOR_NAME = AccentColor;
				CODE_SIGN_ENTITLEMENTS = TchopApp/TchopApp.entitlements;
				CODE_SIGN_STYLE = Automatic;
				CURRENT_PROJECT_VERSION = 1;
				DEVELOPMENT_TEAM = "";
				GENERATE_INFOPLIST_FILE = NO;
				INFOPLIST_FILE = TchopApp/Info.plist;
				IPHONEOS_DEPLOYMENT_TARGET = 16.0;
				LD_RUNPATH_SEARCH_PATHS = (
					"$(inherited)",
					"@executable_path/Frameworks",
				);
				MARKETING_VERSION = 1.0;
				PRODUCT_BUNDLE_IDENTIFIER = com.example.TchopAppOcean;
				PRODUCT_NAME = "$(TARGET_NAME)";
				SUPPORTED_PLATFORMS = "iphoneos iphonesimulator";
				SWIFT_EMIT_LOC_STRINGS = YES;
				SWIFT_VERSION = 5.0;
				TCHOP_BRAND_VARIANT = ocean;
				TARGETED_DEVICE_FAMILY = "1,2";
			};
			name = Release;
		};
		A00000900000000000000001 /* Debug */ = {
			isa = XCBuildConfiguration;
			buildSettings = {
				BUNDLE_LOADER = "$(TEST_HOST)";
				CODE_SIGN_STYLE = Automatic;
				CURRENT_PROJECT_VERSION = 1;
				DEVELOPMENT_TEAM = "";
				GENERATE_INFOPLIST_FILE = YES;
				IPHONEOS_DEPLOYMENT_TARGET = 16.0;
				LD_RUNPATH_SEARCH_PATHS = (
					"$(inherited)",
					"@executable_path/Frameworks",
					"@loader_path/Frameworks",
				);
				MARKETING_VERSION = 1.0;
				PRODUCT_BUNDLE_IDENTIFIER = com.example.TchopAppTests;
				PRODUCT_NAME = "$(TARGET_NAME)";
				SDKROOT = iphoneos;
				SWIFT_EMIT_LOC_STRINGS = NO;
				SWIFT_VERSION = 5.0;
				TARGETED_DEVICE_FAMILY = "1,2";
				TEST_HOST = "$(BUILT_PRODUCTS_DIR)/TchopApp.app/TchopApp";
			};
			name = Debug;
		};
		A00000910000000000000001 /* Release */ = {
			isa = XCBuildConfiguration;
			buildSettings = {
				BUNDLE_LOADER = "$(TEST_HOST)";
				CODE_SIGN_STYLE = Automatic;
				CURRENT_PROJECT_VERSION = 1;
				DEVELOPMENT_TEAM = "";
				GENERATE_INFOPLIST_FILE = YES;
				IPHONEOS_DEPLOYMENT_TARGET = 16.0;
				LD_RUNPATH_SEARCH_PATHS = (
					"$(inherited)",
					"@executable_path/Frameworks",
					"@loader_path/Frameworks",
				);
				MARKETING_VERSION = 1.0;
				PRODUCT_BUNDLE_IDENTIFIER = com.example.TchopAppTests;
				PRODUCT_NAME = "$(TARGET_NAME)";
				SDKROOT = iphoneos;
				SWIFT_EMIT_LOC_STRINGS = NO;
				SWIFT_VERSION = 5.0;
				TARGETED_DEVICE_FAMILY = "1,2";
				TEST_HOST = "$(BUILT_PRODUCTS_DIR)/TchopApp.app/TchopApp";
			};
			name = Release;
		};
		D000001C0000000000000001 /* Debug */ = {
			isa = XCBuildConfiguration;
			buildSettings = {
				APPLICATION_EXTENSION_API_ONLY = YES;
				CODE_SIGN_ENTITLEMENTS = TchopWidgetsExtension/TchopWidgetsExtension.entitlements;
				CODE_SIGN_STYLE = Automatic;
				CURRENT_PROJECT_VERSION = 1;
				DEVELOPMENT_TEAM = "";
				GENERATE_INFOPLIST_FILE = YES;
				INFOPLIST_KEY_CFBundleDisplayName = "Tchop Widgets";
				INFOPLIST_KEY_NSExtension_NSExtensionPointIdentifier = "com.apple.widgetkit-extension";
				IPHONEOS_DEPLOYMENT_TARGET = 16.0;
				LD_RUNPATH_SEARCH_PATHS = (
					"$(inherited)",
					"@executable_path/Frameworks",
					"@executable_path/../../Frameworks",
				);
				MARKETING_VERSION = 1.0;
				PRODUCT_BUNDLE_IDENTIFIER = com.example.TchopApp.widgets;
				PRODUCT_NAME = "$(TARGET_NAME)";
				SKIP_INSTALL = YES;
				SUPPORTED_PLATFORMS = "iphoneos iphonesimulator";
				SWIFT_VERSION = 5.0;
				TARGETED_DEVICE_FAMILY = 1;
			};
			name = Debug;
		};
		D000001D0000000000000001 /* Release */ = {
			isa = XCBuildConfiguration;
			buildSettings = {
				APPLICATION_EXTENSION_API_ONLY = YES;
				CODE_SIGN_ENTITLEMENTS = TchopWidgetsExtension/TchopWidgetsExtension.entitlements;
				CODE_SIGN_STYLE = Automatic;
				CURRENT_PROJECT_VERSION = 1;
				DEVELOPMENT_TEAM = "";
				GENERATE_INFOPLIST_FILE = YES;
				INFOPLIST_KEY_CFBundleDisplayName = "Tchop Widgets";
				INFOPLIST_KEY_NSExtension_NSExtensionPointIdentifier = "com.apple.widgetkit-extension";
				IPHONEOS_DEPLOYMENT_TARGET = 16.0;
				LD_RUNPATH_SEARCH_PATHS = (
					"$(inherited)",
					"@executable_path/Frameworks",
					"@executable_path/../../Frameworks",
				);
				MARKETING_VERSION = 1.0;
				PRODUCT_BUNDLE_IDENTIFIER = com.example.TchopApp.widgets;
				PRODUCT_NAME = "$(TARGET_NAME)";
				SKIP_INSTALL = YES;
				SUPPORTED_PLATFORMS = "iphoneos iphonesimulator";
				SWIFT_VERSION = 5.0;
				TARGETED_DEVICE_FAMILY = 1;
			};
			name = Release;
		};
/* End XCBuildConfiguration section */

/* Begin XCConfigurationList section */
		A000000A0000000000000001 /* Build configuration list for PBXProject "TchopApp" */ = {
			isa = XCConfigurationList;
			buildConfigurations = (
				A000001E0000000000000001 /* Debug */,
				A000001F0000000000000001 /* Release */,
			);
			defaultConfigurationIsVisible = 0;
			defaultConfigurationName = Release;
		};
		A00000100000000000000001 /* Build configuration list for PBXNativeTarget "TchopApp" */ = {
			isa = XCConfigurationList;
			buildConfigurations = (
				A000002F0000000000000001 /* Debug */,
				A00000300000000000000001 /* Release */,
			);
			defaultConfigurationIsVisible = 0;
			defaultConfigurationName = Release;
		};
		B000000B0000000000000001 /* Build configuration list for PBXNativeTarget "TchopAppOcean" */ = {
			isa = XCConfigurationList;
			buildConfigurations = (
				B00000090000000000000001 /* Debug */,
				B000000A0000000000000001 /* Release */,
			);
			defaultConfigurationIsVisible = 0;
			defaultConfigurationName = Release;
		};
		D000001E0000000000000001 /* Build configuration list for PBXNativeTarget "TchopWidgetsExtension" */ = {
			isa = XCConfigurationList;
			buildConfigurations = (
				D000001C0000000000000001 /* Debug */,
				D000001D0000000000000001 /* Release */,
			);
			defaultConfigurationIsVisible = 0;
			defaultConfigurationName = Release;
		};
		A000008E0000000000000001 /* Build configuration list for PBXNativeTarget "TchopAppTests" */ = {
			isa = XCConfigurationList;
			buildConfigurations = (
				A00000900000000000000001 /* Debug */,
				A00000910000000000000001 /* Release */,
			);
			defaultConfigurationIsVisible = 0;
			defaultConfigurationName = Release;
		};
/* End XCConfigurationList section */
	};
	rootObject = A000000B0000000000000001 /* Project object */;
}
